// !$*UTF8*$!
{
	archiveVersion = 1;
	classes = {
	};
	objectVersion = 50;
	objects = {

/* Begin PBXBuildFile section */
		FB2DE47E24E02D100047C2B5 /* AppDelegate.swift in Sources */ = {isa = PBXBuildFile; fileRef = FB2DE47D24E02D100047C2B5 /* AppDelegate.swift */; };
		FB2DE48024E02D100047C2B5 /* SceneDelegate.swift in Sources */ = {isa = PBXBuildFile; fileRef = FB2DE47F24E02D100047C2B5 /* SceneDelegate.swift */; };
		FB2DE48224E02D100047C2B5 /* ViewController.swift in Sources */ = {isa = PBXBuildFile; fileRef = FB2DE48124E02D100047C2B5 /* ViewController.swift */; };
		FB2DE48524E02D100047C2B5 /* Main.storyboard in Resources */ = {isa = PBXBuildFile; fileRef = FB2DE48324E02D100047C2B5 /* Main.storyboard */; };
		FB2DE48724E02D110047C2B5 /* Assets.xcassets in Resources */ = {isa = PBXBuildFile; fileRef = FB2DE48624E02D110047C2B5 /* Assets.xcassets */; };
		FB2DE48A24E02D110047C2B5 /* LaunchScreen.storyboard in Resources */ = {isa = PBXBuildFile; fileRef = FB2DE48824E02D110047C2B5 /* LaunchScreen.storyboard */; };
		FB6202C924E186F3006A32F2 /* RPS_calc.c in Sources */ = {isa = PBXBuildFile; fileRef = FB6202C824E186F3006A32F2 /* RPS_calc.c */; };
/* End PBXBuildFile section */

/* Begin PBXFileReference section */
		FB2DE47A24E02D100047C2B5 /* RPS.app */ = {isa = PBXFileReference; explicitFileType = wrapper.application; includeInIndex = 0; path = RPS.app; sourceTree = BUILT_PRODUCTS_DIR; };
		FB2DE47D24E02D100047C2B5 /* AppDelegate.swift */ = {isa = PBXFileReference; lastKnownFileType = sourcecode.swift; path = AppDelegate.swift; sourceTree = "<group>"; };
		FB2DE47F24E02D100047C2B5 /* SceneDelegate.swift */ = {isa = PBXFileReference; lastKnownFileType = sourcecode.swift; path = SceneDelegate.swift; sourceTree = "<group>"; };
		FB2DE48124E02D100047C2B5 /* ViewController.swift */ = {isa = PBXFileReference; lastKnownFileType = sourcecode.swift; path = ViewController.swift; sourceTree = "<group>"; };
		FB2DE48424E02D100047C2B5 /* Base */ = {isa = PBXFileReference; lastKnownFileType = file.storyboard; name = Base; path = Base.lproj/Main.storyboard; sourceTree = "<group>"; };
		FB2DE48624E02D110047C2B5 /* Assets.xcassets */ = {isa = PBXFileReference; lastKnownFileType = folder.assetcatalog; path = Assets.xcassets; sourceTree = "<group>"; };
		FB2DE48924E02D110047C2B5 /* Base */ = {isa = PBXFileReference; lastKnownFileType = file.storyboard; name = Base; path = Base.lproj/LaunchScreen.storyboard; sourceTree = "<group>"; };
		FB2DE48B24E02D110047C2B5 /* Info.plist */ = {isa = PBXFileReference; lastKnownFileType = text.plist.xml; path = Info.plist; sourceTree = "<group>"; };
		FB6202C624E181D1006A32F2 /* RPS-Bridging-Header.h */ = {isa = PBXFileReference; fileEncoding = 4; lastKnownFileType = sourcecode.c.h; path = "RPS-Bridging-Header.h"; sourceTree = "<group>"; };
		FB6202C724E186F3006A32F2 /* RPS_calc.h */ = {isa = PBXFileReference; lastKnownFileType = sourcecode.c.h; path = RPS_calc.h; sourceTree = "<group>"; };
		FB6202C824E186F3006A32F2 /* RPS_calc.c */ = {isa = PBXFileReference; lastKnownFileType = sourcecode.c.c; path = RPS_calc.c; sourceTree = "<group>"; };
/* End PBXFileReference section */

/* Begin PBXFrameworksBuildPhase section */
		FB2DE47724E02D100047C2B5 /* Frameworks */ = {
			isa = PBXFrameworksBuildPhase;
			buildActionMask = 2147483647;
			files = (
			);
			runOnlyForDeploymentPostprocessing = 0;
		};
/* End PBXFrameworksBuildPhase section */

/* Begin PBXGroup section */
		FB2DE47124E02D100047C2B5 = {
			isa = PBXGroup;
			children = (
				FB2DE47C24E02D100047C2B5 /* RPS */,
				FB2DE47B24E02D100047C2B5 /* Products */,
			);
			sourceTree = "<group>";
		};
		FB2DE47B24E02D100047C2B5 /* Products */ = {
			isa = PBXGroup;
			children = (
				FB2DE47A24E02D100047C2B5 /* RPS.app */,
			);
			name = Products;
			sourceTree = "<group>";
		};
		FB2DE47C24E02D100047C2B5 /* RPS */ = {
			isa = PBXGroup;
			children = (
				FB6202C824E186F3006A32F2 /* RPS_calc.c */,
				FB6202C624E181D1006A32F2 /* RPS-Bridging-Header.h */,
				FB6202C724E186F3006A32F2 /* RPS_calc.h */,
				FB2DE47D24E02D100047C2B5 /* AppDelegate.swift */,
				FB2DE47F24E02D100047C2B5 /* SceneDelegate.swift */,
				FB2DE48124E02D100047C2B5 /* ViewController.swift */,
				FB2DE48324E02D100047C2B5 /* Main.storyboard */,
				FB2DE48624E02D110047C2B5 /* Assets.xcassets */,
				FB2DE48824E02D110047C2B5 /* LaunchScreen.storyboard */,
				FB2DE48B24E02D110047C2B5 /* Info.plist */,
			);
			path = RPS;
			sourceTree = "<group>";
		};
/* End PBXGroup section */

/* Begin PBXNativeTarget section */
		FB2DE47924E02D100047C2B5 /* RPS */ = {
			isa = PBXNativeTarget;
			buildConfigurationList = FB2DE48E24E02D110047C2B5 /* Build configuration list for PBXNativeTarget "RPS" */;
			buildPhases = (
				FB2DE47624E02D100047C2B5 /* Sources */,
				FB2DE47724E02D100047C2B5 /* Frameworks */,
				FB2DE47824E02D100047C2B5 /* Resources */,
			);
			buildRules = (
			);
			dependencies = (
			);
			name = RPS;
			productName = RPS;
			productReference = FB2DE47A24E02D100047C2B5 /* RPS.app */;
			productType = "com.apple.product-type.application";
		};
/* End PBXNativeTarget section */

/* Begin PBXProject section */
		FB2DE47224E02D100047C2B5 /* Project object */ = {
			isa = PBXProject;
			attributes = {
				LastSwiftUpdateCheck = 1160;
				LastUpgradeCheck = 1160;
				ORGANIZATIONNAME = "guillermo pita";
				TargetAttributes = {
					FB2DE47924E02D100047C2B5 = {
						CreatedOnToolsVersion = 11.6;
						LastSwiftMigration = 1160;
					};
				};
			};
			buildConfigurationList = FB2DE47524E02D100047C2B5 /* Build configuration list for PBXProject "RPS" */;
			compatibilityVersion = "Xcode 9.3";
			developmentRegion = en;
			hasScannedForEncodings = 0;
			knownRegions = (
				en,
				Base,
			);
			mainGroup = FB2DE47124E02D100047C2B5;
			productRefGroup = FB2DE47B24E02D100047C2B5 /* Products */;
			projectDirPath = "";
			projectRoot = "";
			targets = (
				FB2DE47924E02D100047C2B5 /* RPS */,
			);
		};
/* End PBXProject section */

/* Begin PBXResourcesBuildPhase section */
		FB2DE47824E02D100047C2B5 /* Resources */ = {
			isa = PBXResourcesBuildPhase;
			buildActionMask = 2147483647;
			files = (
				FB2DE48A24E02D110047C2B5 /* LaunchScreen.storyboard in Resources */,
				FB2DE48724E02D110047C2B5 /* Assets.xcassets in Resources */,
				FB2DE48524E02D100047C2B5 /* Main.storyboard in Resources */,
			);
			runOnlyForDeploymentPostprocessing = 0;
		};
/* End PBXResourcesBuildPhase section */

/* Begin PBXSourcesBuildPhase section */
		FB2DE47624E02D100047C2B5 /* Sources */ = {
			isa = PBXSourcesBuildPhase;
			buildActionMask = 2147483647;
			files = (
				FB2DE48224E02D100047C2B5 /* ViewController.swift in Sources */,
				FB2DE47E24E02D100047C2B5 /* AppDelegate.swift in Sources */,
				FB6202C924E186F3006A32F2 /* RPS_calc.c in Sources */,
				FB2DE48024E02D100047C2B5 /* SceneDelegate.swift in Sources */,
			);
			runOnlyForDeploymentPostprocessing = 0;
		};
/* End PBXSourcesBuildPhase section */

/* Begin PBXVariantGroup section */
		FB2DE48324E02D100047C2B5 /* Main.storyboard */ = {
			isa = PBXVariantGroup;
			children = (
				FB2DE48424E02D100047C2B5 /* Base */,
			);
			name = Main.storyboard;
			sourceTree = "<group>";
		};
		FB2DE48824E02D110047C2B5 /* LaunchScreen.storyboard */ = {
			isa = PBXVariantGroup;
			children = (
				FB2DE48924E02D110047C2B5 /* Base */,
			);
			name = LaunchScreen.storyboard;
			sourceTree = "<group>";
		};
/* End PBXVariantGroup section */

/* Begin XCBuildConfiguration section */
		FB2DE48C24E02D110047C2B5 /* Debug */ = {
			isa = XCBuildConfiguration;
			buildSettings = {
				ALWAYS_SEARCH_USER_PATHS = NO;
				CLANG_ANALYZER_NONNULL = YES;
				CLANG_ANALYZER_NUMBER_OBJECT_CONVERSION = YES_AGGRESSIVE;
				CLANG_CXX_LANGUAGE_STANDARD = "gnu++14";
				CLANG_CXX_LIBRARY = "libc++";
				CLANG_ENABLE_MODULES = YES;
				CLANG_ENABLE_OBJC_ARC = YES;
				CLANG_ENABLE_OBJC_WEAK = YES;
				CLANG_WARN_BLOCK_CAPTURE_AUTORELEASING = YES;
				CLANG_WARN_BOOL_CONVERSION = YES;
				CLANG_WARN_COMMA = YES;
				CLANG_WARN_CONSTANT_CONVERSION = YES;
				CLANG_WARN_DEPRECATED_OBJC_IMPLEMENTATIONS = YES;
				CLANG_WARN_DIRECT_OBJC_ISA_USAGE = YES_ERROR;
				CLANG_WARN_DOCUMENTATION_COMMENTS = YES;
				CLANG_WARN_EMPTY_BODY = YES;
				CLANG_WARN_ENUM_CONVERSION = YES;
				CLANG_WARN_INFINITE_RECURSION = YES;
				CLANG_WARN_INT_CONVERSION = YES;
				CLANG_WARN_NON_LITERAL_NULL_CONVERSION = YES;
				CLANG_WARN_OBJC_IMPLICIT_RETAIN_SELF = YES;
				CLANG_WARN_OBJC_LITERAL_CONVERSION = YES;
				CLANG_WARN_OBJC_ROOT_CLASS = YES_ERROR;
				CLANG_WARN_RANGE_LOOP_ANALYSIS = YES;
				CLANG_WARN_STRICT_PROTOTYPES = YES;
				CLANG_WARN_SUSPICIOUS_MOVE = YES;
				CLANG_WARN_UNGUARDED_AVAILABILITY = YES_AGGRESSIVE;
				CLANG_WARN_UNREACHABLE_CODE = YES;
				CLANG_WARN__DUPLICATE_METHOD_MATCH = YES;
				COPY_PHASE_STRIP = NO;
				DEBUG_INFORMATION_FORMAT = dwarf;
				ENABLE_STRICT_OBJC_MSGSEND = YES;
				ENABLE_TESTABILITY = YES;
				GCC_C_LANGUAGE_STANDARD = gnu11;
				GCC_DYNAMIC_NO_PIC = NO;
				GCC_NO_COMMON_BLOCKS = YES;
				GCC_OPTIMIZATION_LEVEL = 0;
				GCC_PREPROCESSOR_DEFINITIONS = (
					"DEBUG=1",
					"$(inherited)",
				);
				GCC_WARN_64_TO_32_BIT_CONVERSION = YES;
				GCC_WARN_ABOUT_RETURN_TYPE = YES_ERROR;
				GCC_WARN_UNDECLARED_SELECTOR = YES;
				GCC_WARN_UNINITIALIZED_AUTOS = YES_AGGRESSIVE;
				GCC_WARN_UNUSED_FUNCTION = YES;
				GCC_WARN_UNUSED_VARIABLE = YES;
				IPHONEOS_DEPLOYMENT_TARGET = 13.6;
				MTL_ENABLE_DEBUG_INFO = INCLUDE_SOURCE;
				MTL_FAST_MATH = YES;
				ONLY_ACTIVE_ARCH = YES;
				SDKROOT = iphoneos;
				SWIFT_ACTIVE_COMPILATION_CONDITIONS = DEBUG;
				SWIFT_OPTIMIZATION_LEVEL = "-Onone";
			};
			name = Debug;
		};
		FB2DE48D24E02D110047C2B5 /* Release */ = {
			isa = XCBuildConfiguration;
			buildSettings = {
				ALWAYS_SEARCH_USER_PATHS = NO;
				CLANG_ANALYZER_NONNULL = YES;
				CLANG_ANALYZER_NUMBER_OBJECT_CONVERSION = YES_AGGRESSIVE;
				CLANG_CXX_LANGUAGE_STANDARD = "gnu++14";
				CLANG_CXX_LIBRARY = "libc++";
				CLANG_ENABLE_MODULES = YES;
				CLANG_ENABLE_OBJC_ARC = YES;
				CLANG_ENABLE_OBJC_WEAK = YES;
				CLANG_WARN_BLOCK_CAPTURE_AUTORELEASING = YES;
				CLANG_WARN_BOOL_CONVERSION = YES;
				CLANG_WARN_COMMA = YES;
				CLANG_WARN_CONSTANT_CONVERSION = YES;
				CLANG_WARN_DEPRECATED_OBJC_IMPLEMENTATIONS = YES;
				CLANG_WARN_DIRECT_OBJC_ISA_USAGE = YES_ERROR;
				CLANG_WARN_DOCUMENTATION_COMMENTS = YES;
				CLANG_WARN_EMPTY_BODY = YES;
				CLANG_WARN_ENUM_CONVERSION = YES;
				CLANG_WARN_INFINITE_RECURSION = YES;
				CLANG_WARN_INT_CONVERSION = YES;
				CLANG_WARN_NON_LITERAL_NULL_CONVERSION = YES;
				CLANG_WARN_OBJC_IMPLICIT_RETAIN_SELF = YES;
				CLANG_WARN_OBJC_LITERAL_CONVERSION = YES;
				CLANG_WARN_OBJC_ROOT_CLASS = YES_ERROR;
				CLANG_WARN_RANGE_LOOP_ANALYSIS = YES;
				CLANG_WARN_STRICT_PROTOTYPES = YES;
				CLANG_WARN_SUSPICIOUS_MOVE = YES;
				CLANG_WARN_UNGUARDED_AVAILABILITY = YES_AGGRESSIVE;
				CLANG_WARN_UNREACHABLE_CODE = YES;
				CLANG_WARN__DUPLICATE_METHOD_MATCH = YES;
				COPY_PHASE_STRIP = NO;
				DEBUG_INFORMATION_FORMAT = "dwarf-with-dsym";
				ENABLE_NS_ASSERTIONS = NO;
				ENABLE_STRICT_OBJC_MSGSEND = YES;
				GCC_C_LANGUAGE_STANDARD = gnu11;
				GCC_NO_COMMON_BLOCKS = YES;
				GCC_WARN_64_TO_32_BIT_CONVERSION = YES;
				GCC_WARN_ABOUT_RETURN_TYPE = YES_ERROR;
				GCC_WARN_UNDECLARED_SELECTOR = YES;
				GCC_WARN_UNINITIALIZED_AUTOS = YES_AGGRESSIVE;
				GCC_WARN_UNUSED_FUNCTION = YES;
				GCC_WARN_UNUSED_VARIABLE = YES;
				IPHONEOS_DEPLOYMENT_TARGET = 13.6;
				MTL_ENABLE_DEBUG_INFO = NO;
				MTL_FAST_MATH = YES;
				SDKROOT = iphoneos;
				SWIFT_COMPILATION_MODE = wholemodule;
				SWIFT_OPTIMIZATION_LEVEL = "-O";
				VALIDATE_PRODUCT = YES;
			};
			name = Release;
		};
		FB2DE48F24E02D110047C2B5 /* Debug */ = {
			isa = XCBuildConfiguration;
			buildSettings = {
				ASSETCATALOG_COMPILER_APPICON_NAME = AppIcon;
				CLANG_ENABLE_MODULES = YES;
				CODE_SIGN_STYLE = Automatic;
				COPY_HEADERS_RUN_UNIFDEF = NO;
				DEVELOPMENT_TEAM = 5S9T4567XN;
				INFOPLIST_FILE = RPS/Info.plist;
				IPHONEOS_DEPLOYMENT_TARGET = 13.6;
				LD_RUNPATH_SEARCH_PATHS = (
					"$(inherited)",
					"@executable_path/Frameworks",
				);
				PRODUCT_BUNDLE_IDENTIFIER = guillermo.RPSPPT;
				PRODUCT_NAME = RPS;
				SWIFT_OBJC_BRIDGING_HEADER = "RPS/RPS-Bridging-Header.h";
				SWIFT_OPTIMIZATION_LEVEL = "-Onone";
				SWIFT_VERSION = 5.0;
				TARGETED_DEVICE_FAMILY = "1,2";
			};
			name = Debug;
		};
		FB2DE49024E02D110047C2B5 /* Release */ = {
			isa = XCBuildConfiguration;
			buildSettings = {
				ASSETCATALOG_COMPILER_APPICON_NAME = AppIcon;
				CLANG_ENABLE_MODULES = YES;
				CODE_SIGN_STYLE = Automatic;
				DEVELOPMENT_TEAM = 5S9T4567XN;
				INFOPLIST_FILE = RPS/Info.plist;
				IPHONEOS_DEPLOYMENT_TARGET = 13.6;
				LD_RUNPATH_SEARCH_PATHS = (
					"$(inherited)",
					"@executable_path/Frameworks",
				);
				PRODUCT_BUNDLE_IDENTIFIER = guillermo.RPSPPT;
				PRODUCT_NAME = RPS;
				SWIFT_OBJC_BRIDGING_HEADER = "RPS/RPS-Bridging-Header.h";
				SWIFT_VERSION = 5.0;
				TARGETED_DEVICE_FAMILY = "1,2";
			};
			name = Release;
		};
/* End XCBuildConfiguration section */

/* Begin XCConfigurationList section */
		FB2DE47524E02D100047C2B5 /* Build configuration list for PBXProject "RPS" */ = {
			isa = XCConfigurationList;
			buildConfigurations = (
				FB2DE48C24E02D110047C2B5 /* Debug */,
				FB2DE48D24E02D110047C2B5 /* Release */,
			);
			defaultConfigurationIsVisible = 0;
			defaultConfigurationName = Release;
		};
		FB2DE48E24E02D110047C2B5 /* Build configuration list for PBXNativeTarget "RPS" */ = {
			isa = XCConfigurationList;
			buildConfigurations = (
				FB2DE48F24E02D110047C2B5 /* Debug */,
				FB2DE49024E02D110047C2B5 /* Release */,
			);
			defaultConfigurationIsVisible = 0;
			defaultConfigurationName = Release;
		};
/* End XCConfigurationList section */
	};
	rootObject = FB2DE47224E02D100047C2B5 /* Project object */;
}
